// !$*UTF8*$!
{
	archiveVersion = 1;
	classes = {
	};
	objectVersion = 46;
	objects = {

/* Begin PBXBuildFile section */
		D915B94C1EC196A20065FF6B /* HDFrameworkBMKSDK.h in Headers */ = {isa = PBXBuildFile; fileRef = D915B94A1EC196A20065FF6B /* HDFrameworkBMKSDK.h */; settings = {ATTRIBUTES = (Public, ); }; };
		D915B9541EC196C20065FF6B /* HDBMKFrameworkViewController.h in Headers */ = {isa = PBXBuildFile; fileRef = D915B9521EC196C20065FF6B /* HDBMKFrameworkViewController.h */; settings = {ATTRIBUTES = (Public, ); }; };
		D915B9551EC196C20065FF6B /* HDBMKFrameworkViewController.m in Sources */ = {isa = PBXBuildFile; fileRef = D915B9531EC196C20065FF6B /* HDBMKFrameworkViewController.m */; };
		D915B9611EC197100065FF6B /* BaiduMapAPI_Base.framework in Frameworks */ = {isa = PBXBuildFile; fileRef = D915B9571EC197100065FF6B /* BaiduMapAPI_Base.framework */; };
		D915B9621EC197100065FF6B /* BaiduMapAPI_Cloud.framework in Frameworks */ = {isa = PBXBuildFile; fileRef = D915B9581EC197100065FF6B /* BaiduMapAPI_Cloud.framework */; };
		D915B9631EC197100065FF6B /* BaiduMapAPI_Location.framework in Frameworks */ = {isa = PBXBuildFile; fileRef = D915B9591EC197100065FF6B /* BaiduMapAPI_Location.framework */; };
		D915B9641EC197100065FF6B /* BaiduMapAPI_Map.framework in Frameworks */ = {isa = PBXBuildFile; fileRef = D915B95A1EC197100065FF6B /* BaiduMapAPI_Map.framework */; };
		D915B9651EC197100065FF6B /* BaiduMapAPI_Radar.framework in Frameworks */ = {isa = PBXBuildFile; fileRef = D915B95B1EC197100065FF6B /* BaiduMapAPI_Radar.framework */; };
		D915B9661EC197100065FF6B /* BaiduMapAPI_Search.framework in Frameworks */ = {isa = PBXBuildFile; fileRef = D915B95C1EC197100065FF6B /* BaiduMapAPI_Search.framework */; };
		D915B9671EC197100065FF6B /* BaiduMapAPI_Utils.framework in Frameworks */ = {isa = PBXBuildFile; fileRef = D915B95D1EC197100065FF6B /* BaiduMapAPI_Utils.framework */; };
		D915B9681EC197100065FF6B /* libcrypto.a in Frameworks */ = {isa = PBXBuildFile; fileRef = D915B95F1EC197100065FF6B /* libcrypto.a */; };
		D915B9691EC197100065FF6B /* libssl.a in Frameworks */ = {isa = PBXBuildFile; fileRef = D915B9601EC197100065FF6B /* libssl.a */; };
		D915B96C1EC1973C0065FF6B /* CoreLocation.framework in Frameworks */ = {isa = PBXBuildFile; fileRef = D915B96B1EC1973C0065FF6B /* CoreLocation.framework */; };
		D915B96E1EC197420065FF6B /* QuartzCore.framework in Frameworks */ = {isa = PBXBuildFile; fileRef = D915B96D1EC197420065FF6B /* QuartzCore.framework */; };
		D915B9701EC1974A0065FF6B /* OpenGLES.framework in Frameworks */ = {isa = PBXBuildFile; fileRef = D915B96F1EC1974A0065FF6B /* OpenGLES.framework */; };
		D915B9721EC197540065FF6B /* SystemConfiguration.framework in Frameworks */ = {isa = PBXBuildFile; fileRef = D915B9711EC197540065FF6B /* SystemConfiguration.framework */; };
		D915B9741EC1975A0065FF6B /* CoreGraphics.framework in Frameworks */ = {isa = PBXBuildFile; fileRef = D915B9731EC1975A0065FF6B /* CoreGraphics.framework */; };
		D915B9761EC1975F0065FF6B /* Security.framework in Frameworks */ = {isa = PBXBuildFile; fileRef = D915B9751EC1975F0065FF6B /* Security.framework */; };
		D915B9781EC197640065FF6B /* CoreTelephony.framework in Frameworks */ = {isa = PBXBuildFile; fileRef = D915B9771EC197640065FF6B /* CoreTelephony.framework */; };
		D915B97A1EC1976B0065FF6B /* libsqlite3.0.tbd in Frameworks */ = {isa = PBXBuildFile; fileRef = D915B9791EC1976B0065FF6B /* libsqlite3.0.tbd */; };
		D915B97C1EC197710065FF6B /* libstdc++.6.0.9.tbd in Frameworks */ = {isa = PBXBuildFile; fileRef = D915B97B1EC197710065FF6B /* libstdc++.6.0.9.tbd */; };
		D915B9BC1EC1A5810065FF6B /* HDFrameworkBMKSDK.podspec in Resources */ = {isa = PBXBuildFile; fileRef = D915B9BB1EC1A5810065FF6B /* HDFrameworkBMKSDK.podspec */; };
/* End PBXBuildFile section */

/* Begin PBXFileReference section */
		D915B9471EC196A20065FF6B /* HDFrameworkBMKSDK.framework */ = {isa = PBXFileReference; explicitFileType = wrapper.framework; includeInIndex = 0; path = HDFrameworkBMKSDK.framework; sourceTree = BUILT_PRODUCTS_DIR; };
		D915B94A1EC196A20065FF6B /* HDFrameworkBMKSDK.h */ = {isa = PBXFileReference; lastKnownFileType = sourcecode.c.h; path = HDFrameworkBMKSDK.h; sourceTree = "<group>"; };
		D915B94B1EC196A20065FF6B /* Info.plist */ = {isa = PBXFileReference; lastKnownFileType = text.plist.xml; path = Info.plist; sourceTree = "<group>"; };
		D915B9521EC196C20065FF6B /* HDBMKFrameworkViewController.h */ = {isa = PBXFileReference; fileEncoding = 4; lastKnownFileType = sourcecode.c.h; path = HDBMKFrameworkViewController.h; sourceTree = "<group>"; };
		D915B9531EC196C20065FF6B /* HDBMKFrameworkViewController.m */ = {isa = PBXFileReference; fileEncoding = 4; lastKnownFileType = sourcecode.c.objc; path = HDBMKFrameworkViewController.m; sourceTree = "<group>"; };
		D915B9571EC197100065FF6B /* BaiduMapAPI_Base.framework */ = {isa = PBXFileReference; lastKnownFileType = wrapper.framework; path = BaiduMapAPI_Base.framework; sourceTree = "<group>"; };
		D915B9581EC197100065FF6B /* BaiduMapAPI_Cloud.framework */ = {isa = PBXFileReference; lastKnownFileType = wrapper.framework; path = BaiduMapAPI_Cloud.framework; sourceTree = "<group>"; };
		D915B9591EC197100065FF6B /* BaiduMapAPI_Location.framework */ = {isa = PBXFileReference; lastKnownFileType = wrapper.framework; path = BaiduMapAPI_Location.framework; sourceTree = "<group>"; };
		D915B95A1EC197100065FF6B /* BaiduMapAPI_Map.framework */ = {isa = PBXFileReference; lastKnownFileType = wrapper.framework; path = BaiduMapAPI_Map.framework; sourceTree = "<group>"; };
		D915B95B1EC197100065FF6B /* BaiduMapAPI_Radar.framework */ = {isa = PBXFileReference; lastKnownFileType = wrapper.framework; path = BaiduMapAPI_Radar.framework; sourceTree = "<group>"; };
		D915B95C1EC197100065FF6B /* BaiduMapAPI_Search.framework */ = {isa = PBXFileReference; lastKnownFileType = wrapper.framework; path = BaiduMapAPI_Search.framework; sourceTree = "<group>"; };
		D915B95D1EC197100065FF6B /* BaiduMapAPI_Utils.framework */ = {isa = PBXFileReference; lastKnownFileType = wrapper.framework; path = BaiduMapAPI_Utils.framework; sourceTree = "<group>"; };
		D915B95F1EC197100065FF6B /* libcrypto.a */ = {isa = PBXFileReference; lastKnownFileType = archive.ar; path = libcrypto.a; sourceTree = "<group>"; };
		D915B9601EC197100065FF6B /* libssl.a */ = {isa = PBXFileReference; lastKnownFileType = archive.ar; path = libssl.a; sourceTree = "<group>"; };
		D915B96B1EC1973C0065FF6B /* CoreLocation.framework */ = {isa = PBXFileReference; lastKnownFileType = wrapper.framework; name = CoreLocation.framework; path = System/Library/Frameworks/CoreLocation.framework; sourceTree = SDKROOT; };
		D915B96D1EC197420065FF6B /* QuartzCore.framework */ = {isa = PBXFileReference; lastKnownFileType = wrapper.framework; name = QuartzCore.framework; path = System/Library/Frameworks/QuartzCore.framework; sourceTree = SDKROOT; };
		D915B96F1EC1974A0065FF6B /* OpenGLES.framework */ = {isa = PBXFileReference; lastKnownFileType = wrapper.framework; name = OpenGLES.framework; path = System/Library/Frameworks/OpenGLES.framework; sourceTree = SDKROOT; };
		D915B9711EC197540065FF6B /* SystemConfiguration.framework */ = {isa = PBXFileReference; lastKnownFileType = wrapper.framework; name = SystemConfiguration.framework; path = System/Library/Frameworks/SystemConfiguration.framework; sourceTree = SDKROOT; };
		D915B9731EC1975A0065FF6B /* CoreGraphics.framework */ = {isa = PBXFileReference; lastKnownFileType = wrapper.framework; name = CoreGraphics.framework; path = System/Library/Frameworks/CoreGraphics.framework; sourceTree = SDKROOT; };
		D915B9751EC1975F0065FF6B /* Security.framework */ = {isa = PBXFileReference; lastKnownFileType = wrapper.framework; name = Security.framework; path = System/Library/Frameworks/Security.framework; sourceTree = SDKROOT; };
		D915B9771EC197640065FF6B /* CoreTelephony.framework */ = {isa = PBXFileReference; lastKnownFileType = wrapper.framework; name = CoreTelephony.framework; path = System/Library/Frameworks/CoreTelephony.framework; sourceTree = SDKROOT; };
		D915B9791EC1976B0065FF6B /* libsqlite3.0.tbd */ = {isa = PBXFileReference; lastKnownFileType = "sourcecode.text-based-dylib-definition"; name = libsqlite3.0.tbd; path = usr/lib/libsqlite3.0.tbd; sourceTree = SDKROOT; };
		D915B97B1EC197710065FF6B /* libstdc++.6.0.9.tbd */ = {isa = PBXFileReference; lastKnownFileType = "sourcecode.text-based-dylib-definition"; name = "libstdc++.6.0.9.tbd"; path = "usr/lib/libstdc++.6.0.9.tbd"; sourceTree = SDKROOT; };
		D915B9BB1EC1A5810065FF6B /* HDFrameworkBMKSDK.podspec */ = {isa = PBXFileReference; explicitFileType = text.script.ruby; fileEncoding = 4; path = HDFrameworkBMKSDK.podspec; sourceTree = SOURCE_ROOT; };
/* End PBXFileReference section */

/* Begin PBXFrameworksBuildPhase section */
		D915B9431EC196A20065FF6B /* Frameworks */ = {
			isa = PBXFrameworksBuildPhase;
			buildActionMask = 2147483647;
			files = (
				D915B97C1EC197710065FF6B /* libstdc++.6.0.9.tbd in Frameworks */,
				D915B97A1EC1976B0065FF6B /* libsqlite3.0.tbd in Frameworks */,
				D915B9781EC197640065FF6B /* CoreTelephony.framework in Frameworks */,
				D915B9761EC1975F0065FF6B /* Security.framework in Frameworks */,
				D915B9741EC1975A0065FF6B /* CoreGraphics.framework in Frameworks */,
				D915B9721EC197540065FF6B /* SystemConfiguration.framework in Frameworks */,
				D915B9701EC1974A0065FF6B /* OpenGLES.framework in Frameworks */,
				D915B96E1EC197420065FF6B /* QuartzCore.framework in Frameworks */,
				D915B96C1EC1973C0065FF6B /* CoreLocation.framework in Frameworks */,
				D915B9621EC197100065FF6B /* BaiduMapAPI_Cloud.framework in Frameworks */,
				D915B9631EC197100065FF6B /* BaiduMapAPI_Location.framework in Frameworks */,
				D915B9691EC197100065FF6B /* libssl.a in Frameworks */,
				D915B9681EC197100065FF6B /* libcrypto.a in Frameworks */,
				D915B9661EC197100065FF6B /* BaiduMapAPI_Search.framework in Frameworks */,
				D915B9651EC197100065FF6B /* BaiduMapAPI_Radar.framework in Frameworks */,
				D915B9611EC197100065FF6B /* BaiduMapAPI_Base.framework in Frameworks */,
				D915B9641EC197100065FF6B /* BaiduMapAPI_Map.framework in Frameworks */,
				D915B9671EC197100065FF6B /* BaiduMapAPI_Utils.framework in Frameworks */,
			);
			runOnlyForDeploymentPostprocessing = 0;
		};
/* End PBXFrameworksBuildPhase section */

/* Begin PBXGroup section */
		D915B93D1EC196A20065FF6B = {
			isa = PBXGroup;
			children = (
				D915B9491EC196A20065FF6B /* HDFrameworkBMKSDK */,
				D915B9481EC196A20065FF6B /* Products */,
				D915B96A1EC1973C0065FF6B /* Frameworks */,
			);
			sourceTree = "<group>";
		};
		D915B9481EC196A20065FF6B /* Products */ = {
			isa = PBXGroup;
			children = (
				D915B9471EC196A20065FF6B /* HDFrameworkBMKSDK.framework */,
			);
			name = Products;
			sourceTree = "<group>";
		};
		D915B9491EC196A20065FF6B /* HDFrameworkBMKSDK */ = {
			isa = PBXGroup;
			children = (
				D915B9BB1EC1A5810065FF6B /* HDFrameworkBMKSDK.podspec */,
				D915B94A1EC196A20065FF6B /* HDFrameworkBMKSDK.h */,
				D915B9521EC196C20065FF6B /* HDBMKFrameworkViewController.h */,
				D915B9531EC196C20065FF6B /* HDBMKFrameworkViewController.m */,
				D915B94B1EC196A20065FF6B /* Info.plist */,
				D915B9561EC197100065FF6B /* BaiduMapKit */,
			);
			path = HDFrameworkBMKSDK;
			sourceTree = "<group>";
		};
		D915B9561EC197100065FF6B /* BaiduMapKit */ = {
			isa = PBXGroup;
			children = (
				D915B9571EC197100065FF6B /* BaiduMapAPI_Base.framework */,
				D915B9581EC197100065FF6B /* BaiduMapAPI_Cloud.framework */,
				D915B9591EC197100065FF6B /* BaiduMapAPI_Location.framework */,
				D915B95A1EC197100065FF6B /* BaiduMapAPI_Map.framework */,
				D915B95B1EC197100065FF6B /* BaiduMapAPI_Radar.framework */,
				D915B95C1EC197100065FF6B /* BaiduMapAPI_Search.framework */,
				D915B95D1EC197100065FF6B /* BaiduMapAPI_Utils.framework */,
				D915B95E1EC197100065FF6B /* thirdlibs */,
			);
			path = BaiduMapKit;
			sourceTree = "<group>";
		};
		D915B95E1EC197100065FF6B /* thirdlibs */ = {
			isa = PBXGroup;
			children = (
				D915B95F1EC197100065FF6B /* libcrypto.a */,
				D915B9601EC197100065FF6B /* libssl.a */,
			);
			path = thirdlibs;
			sourceTree = "<group>";
		};
		D915B96A1EC1973C0065FF6B /* Frameworks */ = {
			isa = PBXGroup;
			children = (
				D915B97B1EC197710065FF6B /* libstdc++.6.0.9.tbd */,
				D915B9791EC1976B0065FF6B /* libsqlite3.0.tbd */,
				D915B9771EC197640065FF6B /* CoreTelephony.framework */,
				D915B9751EC1975F0065FF6B /* Security.framework */,
				D915B9731EC1975A0065FF6B /* CoreGraphics.framework */,
				D915B9711EC197540065FF6B /* SystemConfiguration.framework */,
				D915B96F1EC1974A0065FF6B /* OpenGLES.framework */,
				D915B96D1EC197420065FF6B /* QuartzCore.framework */,
				D915B96B1EC1973C0065FF6B /* CoreLocation.framework */,
			);
			name = Frameworks;
			sourceTree = "<group>";
		};
/* End PBXGroup section */

/* Begin PBXHeadersBuildPhase section */
		D915B9441EC196A20065FF6B /* Headers */ = {
			isa = PBXHeadersBuildPhase;
			buildActionMask = 2147483647;
			files = (
				D915B9541EC196C20065FF6B /* HDBMKFrameworkViewController.h in Headers */,
				D915B94C1EC196A20065FF6B /* HDFrameworkBMKSDK.h in Headers */,
			);
			runOnlyForDeploymentPostprocessing = 0;
		};
/* End PBXHeadersBuildPhase section */

/* Begin PBXNativeTarget section */
		D915B9461EC196A20065FF6B /* HDFrameworkBMKSDK */ = {
			isa = PBXNativeTarget;
			buildConfigurationList = D915B94F1EC196A20065FF6B /* Build configuration list for PBXNativeTarget "HDFrameworkBMKSDK" */;
			buildPhases = (
				D915B9421EC196A20065FF6B /* Sources */,
				D915B9431EC196A20065FF6B /* Frameworks */,
				D915B9441EC196A20065FF6B /* Headers */,
				D915B9451EC196A20065FF6B /* Resources */,
			);
			buildRules = (
			);
			dependencies = (
			);
			name = HDFrameworkBMKSDK;
			productName = HDFrameworkBMKSDK;
			productReference = D915B9471EC196A20065FF6B /* HDFrameworkBMKSDK.framework */;
			productType = "com.apple.product-type.framework";
		};
/* End PBXNativeTarget section */

/* Begin PBXProject section */
		D915B93E1EC196A20065FF6B /* Project object */ = {
			isa = PBXProject;
			attributes = {
				LastUpgradeCheck = 0830;
				ORGANIZATIONNAME = denglibing;
				TargetAttributes = {
					D915B9461EC196A20065FF6B = {
						CreatedOnToolsVersion = 8.3.1;
						ProvisioningStyle = Automatic;
					};
				};
			};
			buildConfigurationList = D915B9411EC196A20065FF6B /* Build configuration list for PBXProject "HDFrameworkBMKSDK" */;
			compatibilityVersion = "Xcode 3.2";
			developmentRegion = English;
			hasScannedForEncodings = 0;
			knownRegions = (
				en,
			);
			mainGroup = D915B93D1EC196A20065FF6B;
			productRefGroup = D915B9481EC196A20065FF6B /* Products */;
			projectDirPath = "";
			projectRoot = "";
			targets = (
				D915B9461EC196A20065FF6B /* HDFrameworkBMKSDK */,
			);
		};
/* End PBXProject section */

/* Begin PBXResourcesBuildPhase section */
		D915B9451EC196A20065FF6B /* Resources */ = {
			isa = PBXResourcesBuildPhase;
			buildActionMask = 2147483647;
			files = (
				D915B9BC1EC1A5810065FF6B /* HDFrameworkBMKSDK.podspec in Resources */,
			);
			runOnlyForDeploymentPostprocessing = 0;
		};
/* End PBXResourcesBuildPhase section */

/* Begin PBXSourcesBuildPhase section */
		D915B9421EC196A20065FF6B /* Sources */ = {
			isa = PBXSourcesBuildPhase;
			buildActionMask = 2147483647;
			files = (
				D915B9551EC196C20065FF6B /* HDBMKFrameworkViewController.m in Sources */,
			);
			runOnlyForDeploymentPostprocessing = 0;
		};
/* End PBXSourcesBuildPhase section */

/* Begin XCBuildConfiguration section */
		D915B94D1EC196A20065FF6B /* Debug */ = {
			isa = XCBuildConfiguration;
			buildSettings = {
				ALWAYS_SEARCH_USER_PATHS = NO;
				CLANG_ANALYZER_NONNULL = YES;
				CLANG_ANALYZER_NUMBER_OBJECT_CONVERSION = YES_AGGRESSIVE;
				CLANG_CXX_LANGUAGE_STANDARD = "gnu++0x";
				CLANG_CXX_LIBRARY = "libc++";
				CLANG_ENABLE_MODULES = YES;
				CLANG_ENABLE_OBJC_ARC = YES;
				CLANG_WARN_BOOL_CONVERSION = YES;
				CLANG_WARN_CONSTANT_CONVERSION = YES;
				CLANG_WARN_DIRECT_OBJC_ISA_USAGE = YES_ERROR;
				CLANG_WARN_DOCUMENTATION_COMMENTS = YES;
				CLANG_WARN_EMPTY_BODY = YES;
				CLANG_WARN_ENUM_CONVERSION = YES;
				CLANG_WARN_INFINITE_RECURSION = YES;
				CLANG_WARN_INT_CONVERSION = YES;
				CLANG_WARN_OBJC_ROOT_CLASS = YES_ERROR;
				CLANG_WARN_SUSPICIOUS_MOVE = YES;
				CLANG_WARN_UNREACHABLE_CODE = YES;
				CLANG_WARN__DUPLICATE_METHOD_MATCH = YES;
				"CODE_SIGN_IDENTITY[sdk=iphoneos*]" = "iPhone Developer";
				COPY_PHASE_STRIP = NO;
				CURRENT_PROJECT_VERSION = 1;
				DEBUG_INFORMATION_FORMAT = dwarf;
				ENABLE_STRICT_OBJC_MSGSEND = YES;
				ENABLE_TESTABILITY = YES;
				GCC_C_LANGUAGE_STANDARD = gnu99;
				GCC_DYNAMIC_NO_PIC = NO;
				GCC_NO_COMMON_BLOCKS = YES;
				GCC_OPTIMIZATION_LEVEL = 0;
				GCC_PREPROCESSOR_DEFINITIONS = (
					"DEBUG=1",
					"$(inherited)",
				);
				GCC_WARN_64_TO_32_BIT_CONVERSION = YES;
				GCC_WARN_ABOUT_RETURN_TYPE = YES_ERROR;
				GCC_WARN_UNDECLARED_SELECTOR = YES;
				GCC_WARN_UNINITIALIZED_AUTOS = YES_AGGRESSIVE;
				GCC_WARN_UNUSED_FUNCTION = YES;
				GCC_WARN_UNUSED_VARIABLE = YES;
				IPHONEOS_DEPLOYMENT_TARGET = 10.3;
				MTL_ENABLE_DEBUG_INFO = YES;
				ONLY_ACTIVE_ARCH = YES;
				SDKROOT = iphoneos;
				TARGETED_DEVICE_FAMILY = "1,2";
				VERSIONING_SYSTEM = "apple-generic";
				VERSION_INFO_PREFIX = "";
			};
			name = Debug;
		};
		D915B94E1EC196A20065FF6B /* Release */ = {
			isa = XCBuildConfiguration;
			buildSettings = {
				ALWAYS_SEARCH_USER_PATHS = NO;
				CLANG_ANALYZER_NONNULL = YES;
				CLANG_ANALYZER_NUMBER_OBJECT_CONVERSION = YES_AGGRESSIVE;
				CLANG_CXX_LANGUAGE_STANDARD = "gnu++0x";
				CLANG_CXX_LIBRARY = "libc++";
				CLANG_ENABLE_MODULES = YES;
				CLANG_ENABLE_OBJC_ARC = YES;
				CLANG_WARN_BOOL_CONVERSION = YES;
				CLANG_WARN_CONSTANT_CONVERSION = YES;
				CLANG_WARN_DIRECT_OBJC_ISA_USAGE = YES_ERROR;
				CLANG_WARN_DOCUMENTATION_COMMENTS = YES;
				CLANG_WARN_EMPTY_BODY = YES;
				CLANG_WARN_ENUM_CONVERSION = YES;
				CLANG_WARN_INFINITE_RECURSION = YES;
				CLANG_WARN_INT_CONVERSION = YES;
				CLANG_WARN_OBJC_ROOT_CLASS = YES_ERROR;
				CLANG_WARN_SUSPICIOUS_MOVE = YES;
				CLANG_WARN_UNREACHABLE_CODE = YES;
				CLANG_WARN__DUPLICATE_METHOD_MATCH = YES;
				"CODE_SIGN_IDENTITY[sdk=iphoneos*]" = "iPhone Developer";
				COPY_PHASE_STRIP = NO;
				CURRENT_PROJECT_VERSION = 1;
				DEBUG_INFORMATION_FORMAT = "dwarf-with-dsym";
				ENABLE_NS_ASSERTIONS = NO;
				ENABLE_STRICT_OBJC_MSGSEND = YES;
				GCC_C_LANGUAGE_STANDARD = gnu99;
				GCC_NO_COMMON_BLOCKS = YES;
				GCC_WARN_64_TO_32_BIT_CONVERSION = YES;
				GCC_WARN_ABOUT_RETURN_TYPE = YES_ERROR;
				GCC_WARN_UNDECLARED_SELECTOR = YES;
				GCC_WARN_UNINITIALIZED_AUTOS = YES_AGGRESSIVE;
				GCC_WARN_UNUSED_FUNCTION = YES;
				GCC_WARN_UNUSED_VARIABLE = YES;
				IPHONEOS_DEPLOYMENT_TARGET = 10.3;
				MTL_ENABLE_DEBUG_INFO = NO;
				SDKROOT = iphoneos;
				TARGETED_DEVICE_FAMILY = "1,2";
				VALIDATE_PRODUCT = YES;
				VERSIONING_SYSTEM = "apple-generic";
				VERSION_INFO_PREFIX = "";
			};
			name = Release;
		};
		D915B9501EC196A20065FF6B /* Debug */ = {
			isa = XCBuildConfiguration;
			buildSettings = {
				CODE_SIGN_IDENTITY = "";
				DEFINES_MODULE = YES;
				DYLIB_COMPATIBILITY_VERSION = 1;
				DYLIB_CURRENT_VERSION = 1;
				DYLIB_INSTALL_NAME_BASE = "@rpath";
				ENABLE_BITCODE = NO;
				FRAMEWORK_SEARCH_PATHS = (
					"$(inherited)",
					"$(PROJECT_DIR)/HDFrameworkBMKSDK/BaiduMapKit",
				);
				INFOPLIST_FILE = HDFrameworkBMKSDK/Info.plist;
				INSTALL_PATH = "$(LOCAL_LIBRARY_DIR)/Frameworks";
				LD_RUNPATH_SEARCH_PATHS = "$(inherited) @executable_path/Frameworks @loader_path/Frameworks";
				LIBRARY_SEARCH_PATHS = (
					"$(inherited)",
					"$(PROJECT_DIR)/HDFrameworkBMKSDK/BaiduMapKit/thirdlibs",
				);
				PRODUCT_BUNDLE_IDENTIFIER = com.harry.HDFrameworkBMKSDK;
				PRODUCT_NAME = "$(TARGET_NAME)";
				SKIP_INSTALL = YES;
			};
			name = Debug;
		};
		D915B9511EC196A20065FF6B /* Release */ = {
			isa = XCBuildConfiguration;
			buildSettings = {
				CODE_SIGN_IDENTITY = "";
				DEFINES_MODULE = YES;
				DYLIB_COMPATIBILITY_VERSION = 1;
				DYLIB_CURRENT_VERSION = 1;
				DYLIB_INSTALL_NAME_BASE = "@rpath";
				ENABLE_BITCODE = NO;
				FRAMEWORK_SEARCH_PATHS = (
					"$(inherited)",
					"$(PROJECT_DIR)/HDFrameworkBMKSDK/BaiduMapKit",
				);
				INFOPLIST_FILE = HDFrameworkBMKSDK/Info.plist;
				INSTALL_PATH = "$(LOCAL_LIBRARY_DIR)/Frameworks";
				LD_RUNPATH_SEARCH_PATHS = "$(inherited) @executable_path/Frameworks @loader_path/Frameworks";
				LIBRARY_SEARCH_PATHS = (
					"$(inherited)",
					"$(PROJECT_DIR)/HDFrameworkBMKSDK/BaiduMapKit/thirdlibs",
				);
				PRODUCT_BUNDLE_IDENTIFIER = com.harry.HDFrameworkBMKSDK;
				PRODUCT_NAME = "$(TARGET_NAME)";
				SKIP_INSTALL = YES;
			};
			name = Release;
		};
/* End XCBuildConfiguration section */

/* Begin XCConfigurationList section */
		D915B9411EC196A20065FF6B /* Build configuration list for PBXProject "HDFrameworkBMKSDK" */ = {
			isa = XCConfigurationList;
			buildConfigurations = (
				D915B94D1EC196A20065FF6B /* Debug */,
				D915B94E1EC196A20065FF6B /* Release */,
			);
			defaultConfigurationIsVisible = 0;
			defaultConfigurationName = Release;
		};
		D915B94F1EC196A20065FF6B /* Build configuration list for PBXNativeTarget "HDFrameworkBMKSDK" */ = {
			isa = XCConfigurationList;
			buildConfigurations = (
				D915B9501EC196A20065FF6B /* Debug */,
				D915B9511EC196A20065FF6B /* Release */,
			);
			defaultConfigurationIsVisible = 0;
		};
/* End XCConfigurationList section */
	};
	rootObject = D915B93E1EC196A20065FF6B /* Project object */;
}
